
Microsoft Visual Studio Solution File, Format Version 12.00
# Visual Studio Version 17
VisualStudioVersion = 17.13.35919.96
MinimumVisualStudioVersion = 10.0.40219.1
Project("{FAE04EC0-301F-11D3-BF4B-00C04F79EFBC}") = "LCWeb", "LCWeb\LCWeb.csproj", "{29DD8A2C-5360-4DA4-9880-EB9B97D704F4}"
EndProject
Project("{FAE04EC0-301F-11D3-BF4B-00C04F79EFBC}") = "LCWeb.Client", "LCWeb.Client\LCWeb.Client.csproj", "{75971C18-F30F-4676-B0A9-7805B0A91B1A}"
EndProject
Project("{FAE04EC0-301F-11D3-BF4B-00C04F79EFBC}") = "LCWeb.Shared", "LCWeb.Shared\LCWeb.Shared.csproj", "{95CBE7C8-7A9E-409F-BCD1-F6FB93CD2CAF}"
EndProject
Global
	GlobalSection(SolutionConfigurationPlatforms) = preSolution
		Debug|Any CPU = Debug|Any CPU
		Release|Any CPU = Release|Any CPU
	EndGlobalSection
	GlobalSection(ProjectConfigurationPlatforms) = postSolution
		{29DD8A2C-5360-4DA4-9880-EB9B97D704F4}.Debug|Any CPU.ActiveCfg = Debug|Any CPU
		{29DD8A2C-5360-4DA4-9880-EB9B97D704F4}.Debug|Any CPU.Build.0 = Debug|Any CPU
		{29DD8A2C-5360-4DA4-9880-EB9B97D704F4}.Release|Any CPU.ActiveCfg = Release|Any CPU
		{29DD8A2C-5360-4DA4-9880-EB9B97D704F4}.Release|Any CPU.Build.0 = Release|Any CPU
		{75971C18-F30F-4676-B0A9-7805B0A91B1A}.Debug|Any CPU.ActiveCfg = Debug|Any CPU
		{75971C18-F30F-4676-B0A9-7805B0A91B1A}.Debug|Any CPU.Build.0 = Debug|Any CPU
		{75971C18-F30F-4676-B0A9-7805B0A91B1A}.Release|Any CPU.ActiveCfg = Release|Any CPU
		{75971C18-F30F-4676-B0A9-7805B0A91B1A}.Release|Any CPU.Build.0 = Release|Any CPU
		{95CBE7C8-7A9E-409F-BCD1-F6FB93CD2CAF}.Debug|Any CPU.ActiveCfg = Debug|Any CPU
		{95CBE7C8-7A9E-409F-BCD1-F6FB93CD2CAF}.Debug|Any CPU.Build.0 = Debug|Any CPU
		{95CBE7C8-7A9E-409F-BCD1-F6FB93CD2CAF}.Release|Any CPU.ActiveCfg = Release|Any CPU
		{95CBE7C8-7A9E-409F-BCD1-F6FB93CD2CAF}.Release|Any CPU.Build.0 = Release|Any CPU
	EndGlobalSection
	GlobalSection(SolutionProperties) = preSolution
		HideSolutionNode = FALSE
	EndGlobalSection
	GlobalSection(ExtensibilityGlobals) = postSolution
		SolutionGuid = {EE7C491C-3349-48A1-8E1F-453870C5445B}
	EndGlobalSection
EndGlobal
